// !$*UTF8*$!
{
	archiveVersion = 1;
	classes = {
	};
	objectVersion = 56;
	objects = {

/* Begin PBXBuildFile section */
		B98D605B2C134B3A00E26135 /* MyReceiptApp.swift in Sources */ = {isa = PBXBuildFile; fileRef = B98D605A2C134B3A00E26135 /* MyReceiptApp.swift */; };
		B98D605D2C134B3A00E26135 /* ContentView.swift in Sources */ = {isa = PBXBuildFile; fileRef = B98D605C2C134B3A00E26135 /* ContentView.swift */; };
		B98D605F2C134B3D00E26135 /* Assets.xcassets in Resources */ = {isa = PBXBuildFile; fileRef = B98D605E2C134B3D00E26135 /* Assets.xcassets */; };
		B98D60622C134B3D00E26135 /* Preview Assets.xcassets in Resources */ = {isa = PBXBuildFile; fileRef = B98D60612C134B3D00E26135 /* Preview Assets.xcassets */; };
		B98D606C2C134B3D00E26135 /* MyReceiptTests.swift in Sources */ = {isa = PBXBuildFile; fileRef = B98D606B2C134B3D00E26135 /* MyReceiptTests.swift */; };
		B98D60762C134B3D00E26135 /* MyReceiptUITests.swift in Sources */ = {isa = PBXBuildFile; fileRef = B98D60752C134B3D00E26135 /* MyReceiptUITests.swift */; };
		B98D60782C134B3D00E26135 /* MyReceiptUITestsLaunchTests.swift in Sources */ = {isa = PBXBuildFile; fileRef = B98D60772C134B3D00E26135 /* MyReceiptUITestsLaunchTests.swift */; };
/* End PBXBuildFile section */

/* Begin PBXContainerItemProxy section */
		B98D60682C134B3D00E26135 /* PBXContainerItemProxy */ = {
			isa = PBXContainerItemProxy;
			containerPortal = B98D604F2C134B3A00E26135 /* Project object */;
			proxyType = 1;
			remoteGlobalIDString = B98D60562C134B3A00E26135;
			remoteInfo = MyReceipt;
		};
		B98D60722C134B3D00E26135 /* PBXContainerItemProxy */ = {
			isa = PBXContainerItemProxy;
			containerPortal = B98D604F2C134B3A00E26135 /* Project object */;
			proxyType = 1;
			remoteGlobalIDString = B98D60562C134B3A00E26135;
			remoteInfo = MyReceipt;
		};
/* End PBXContainerItemProxy section */

/* Begin PBXFileReference section */
		B98D60572C134B3A00E26135 /* MyReceipt.app */ = {isa = PBXFileReference; explicitFileType = wrapper.application; includeInIndex = 0; path = MyReceipt.app; sourceTree = BUILT_PRODUCTS_DIR; };
		B98D605A2C134B3A00E26135 /* MyReceiptApp.swift */ = {isa = PBXFileReference; lastKnownFileType = sourcecode.swift; path = MyReceiptApp.swift; sourceTree = "<group>"; };
		B98D605C2C134B3A00E26135 /* ContentView.swift */ = {isa = PBXFileReference; lastKnownFileType = sourcecode.swift; path = ContentView.swift; sourceTree = "<group>"; };
		B98D605E2C134B3D00E26135 /* Assets.xcassets */ = {isa = PBXFileReference; lastKnownFileType = folder.assetcatalog; path = Assets.xcassets; sourceTree = "<group>"; };
		B98D60612C134B3D00E26135 /* Preview Assets.xcassets */ = {isa = PBXFileReference; lastKnownFileType = folder.assetcatalog; path = "Preview Assets.xcassets"; sourceTree = "<group>"; };
		B98D60672C134B3D00E26135 /* MyReceiptTests.xctest */ = {isa = PBXFileReference; explicitFileType = wrapper.cfbundle; includeInIndex = 0; path = MyReceiptTests.xctest; sourceTree = BUILT_PRODUCTS_DIR; };
		B98D606B2C134B3D00E26135 /* MyReceiptTests.swift */ = {isa = PBXFileReference; lastKnownFileType = sourcecode.swift; path = MyReceiptTests.swift; sourceTree = "<group>"; };
		B98D60712C134B3D00E26135 /* MyReceiptUITests.xctest */ = {isa = PBXFileReference; explicitFileType = wrapper.cfbundle; includeInIndex = 0; path = MyReceiptUITests.xctest; sourceTree = BUILT_PRODUCTS_DIR; };
		B98D60752C134B3D00E26135 /* MyReceiptUITests.swift */ = {isa = PBXFileReference; lastKnownFileType = sourcecode.swift; path = MyReceiptUITests.swift; sourceTree = "<group>"; };
		B98D60772C134B3D00E26135 /* MyReceiptUITestsLaunchTests.swift */ = {isa = PBXFileReference; lastKnownFileType = sourcecode.swift; path = MyReceiptUITestsLaunchTests.swift; sourceTree = "<group>"; };
/* End PBXFileReference section */

/* Begin PBXFrameworksBuildPhase section */
		B98D60542C134B3A00E26135 /* Frameworks */ = {
			isa = PBXFrameworksBuildPhase;
			buildActionMask = 2147483647;
			files = (
			);
			runOnlyForDeploymentPostprocessing = 0;
		};
		B98D60642C134B3D00E26135 /* Frameworks */ = {
			isa = PBXFrameworksBuildPhase;
			buildActionMask = 2147483647;
			files = (
			);
			runOnlyForDeploymentPostprocessing = 0;
		};
		B98D606E2C134B3D00E26135 /* Frameworks */ = {
			isa = PBXFrameworksBuildPhase;
			buildActionMask = 2147483647;
			files = (
			);
			runOnlyForDeploymentPostprocessing = 0;
		};
/* End PBXFrameworksBuildPhase section */

/* Begin PBXGroup section */
		B98D604E2C134B3A00E26135 = {
			isa = PBXGroup;
			children = (
				B98D60592C134B3A00E26135 /* MyReceipt */,
				B98D606A2C134B3D00E26135 /* MyReceiptTests */,
				B98D60742C134B3D00E26135 /* MyReceiptUITests */,
				B98D60582C134B3A00E26135 /* Products */,
			);
			sourceTree = "<group>";
		};
		B98D60582C134B3A00E26135 /* Products */ = {
			isa = PBXGroup;
			children = (
				B98D60572C134B3A00E26135 /* MyReceipt.app */,
				B98D60672C134B3D00E26135 /* MyReceiptTests.xctest */,
				B98D60712C134B3D00E26135 /* MyReceiptUITests.xctest */,
			);
			name = Products;
			sourceTree = "<group>";
		};
		B98D60592C134B3A00E26135 /* MyReceipt */ = {
			isa = PBXGroup;
			children = (
				B98D605A2C134B3A00E26135 /* MyReceiptApp.swift */,
				B98D605C2C134B3A00E26135 /* ContentView.swift */,
				B98D605E2C134B3D00E26135 /* Assets.xcassets */,
				B98D60602C134B3D00E26135 /* Preview Content */,
			);
			path = MyReceipt;
			sourceTree = "<group>";
		};
		B98D60602C134B3D00E26135 /* Preview Content */ = {
			isa = PBXGroup;
			children = (
				B98D60612C134B3D00E26135 /* Preview Assets.xcassets */,
			);
			path = "Preview Content";
			sourceTree = "<group>";
		};
		B98D606A2C134B3D00E26135 /* MyReceiptTests */ = {
			isa = PBXGroup;
			children = (
				B98D606B2C134B3D00E26135 /* MyReceiptTests.swift */,
			);
			path = MyReceiptTests;
			sourceTree = "<group>";
		};
		B98D60742C134B3D00E26135 /* MyReceiptUITests */ = {
			isa = PBXGroup;
			children = (
				B98D60752C134B3D00E26135 /* MyReceiptUITests.swift */,
				B98D60772C134B3D00E26135 /* MyReceiptUITestsLaunchTests.swift */,
			);
			path = MyReceiptUITests;
			sourceTree = "<group>";
		};
/* End PBXGroup section */

/* Begin PBXNativeTarget section */
		B98D60562C134B3A00E26135 /* MyReceipt */ = {
			isa = PBXNativeTarget;
			buildConfigurationList = B98D607B2C134B3D00E26135 /* Build configuration list for PBXNativeTarget "MyReceipt" */;
			buildPhases = (
				B98D60532C134B3A00E26135 /* Sources */,
				B98D60542C134B3A00E26135 /* Frameworks */,
				B98D60552C134B3A00E26135 /* Resources */,
			);
			buildRules = (
			);
			dependencies = (
			);
			name = MyReceipt;
			productName = MyReceipt;
			productReference = B98D60572C134B3A00E26135 /* MyReceipt.app */;
			productType = "com.apple.product-type.application";
		};
		B98D60662C134B3D00E26135 /* MyReceiptTests */ = {
			isa = PBXNativeTarget;
			buildConfigurationList = B98D607E2C134B3D00E26135 /* Build configuration list for PBXNativeTarget "MyReceiptTests" */;
			buildPhases = (
				B98D60632C134B3D00E26135 /* Sources */,
				B98D60642C134B3D00E26135 /* Frameworks */,
				B98D60652C134B3D00E26135 /* Resources */,
			);
			buildRules = (
			);
			dependencies = (
				B98D60692C134B3D00E26135 /* PBXTargetDependency */,
			);
			name = MyReceiptTests;
			productName = MyReceiptTests;
			productReference = B98D60672C134B3D00E26135 /* MyReceiptTests.xctest */;
			productType = "com.apple.product-type.bundle.unit-test";
		};
		B98D60702C134B3D00E26135 /* MyReceiptUITests */ = {
			isa = PBXNativeTarget;
			buildConfigurationList = B98D60812C134B3D00E26135 /* Build configuration list for PBXNativeTarget "MyReceiptUITests" */;
			buildPhases = (
				B98D606D2C134B3D00E26135 /* Sources */,
				B98D606E2C134B3D00E26135 /* Frameworks */,
				B98D606F2C134B3D00E26135 /* Resources */,
			);
			buildRules = (
			);
			dependencies = (
				B98D60732C134B3D00E26135 /* PBXTargetDependency */,
			);
			name = MyReceiptUITests;
			productName = MyReceiptUITests;
			productReference = B98D60712C134B3D00E26135 /* MyReceiptUITests.xctest */;
			productType = "com.apple.product-type.bundle.ui-testing";
		};
/* End PBXNativeTarget section */

/* Begin PBXProject section */
		B98D604F2C134B3A00E26135 /* Project object */ = {
			isa = PBXProject;
			attributes = {
				BuildIndependentTargetsInParallel = 1;
				LastSwiftUpdateCheck = 1540;
				LastUpgradeCheck = 1540;
				TargetAttributes = {
					B98D60562C134B3A00E26135 = {
						CreatedOnToolsVersion = 15.4;
					};
					B98D60662C134B3D00E26135 = {
						CreatedOnToolsVersion = 15.4;
						TestTargetID = B98D60562C134B3A00E26135;
					};
					B98D60702C134B3D00E26135 = {
						CreatedOnToolsVersion = 15.4;
						TestTargetID = B98D60562C134B3A00E26135;
					};
				};
			};
			buildConfigurationList = B98D60522C134B3A00E26135 /* Build configuration list for PBXProject "MyReceipt" */;
			compatibilityVersion = "Xcode 14.0";
			developmentRegion = en;
			hasScannedForEncodings = 0;
			knownRegions = (
				en,
				Base,
			);
			mainGroup = B98D604E2C134B3A00E26135;
			productRefGroup = B98D60582C134B3A00E26135 /* Products */;
			projectDirPath = "";
			projectRoot = "";
			targets = (
				B98D60562C134B3A00E26135 /* MyReceipt */,
				B98D60662C134B3D00E26135 /* MyReceiptTests */,
				B98D60702C134B3D00E26135 /* MyReceiptUITests */,
			);
		};
/* End PBXProject section */

/* Begin PBXResourcesBuildPhase section */
		B98D60552C134B3A00E26135 /* Resources */ = {
			isa = PBXResourcesBuildPhase;
			buildActionMask = 2147483647;
			files = (
				B98D60622C134B3D00E26135 /* Preview Assets.xcassets in Resources */,
				B98D605F2C134B3D00E26135 /* Assets.xcassets in Resources */,
			);
			runOnlyForDeploymentPostprocessing = 0;
		};
		B98D60652C134B3D00E26135 /* Resources */ = {
			isa = PBXResourcesBuildPhase;
			buildActionMask = 2147483647;
			files = (
			);
			runOnlyForDeploymentPostprocessing = 0;
		};
		B98D606F2C134B3D00E26135 /* Resources */ = {
			isa = PBXResourcesBuildPhase;
			buildActionMask = 2147483647;
			files = (
			);
			runOnlyForDeploymentPostprocessing = 0;
		};
/* End PBXResourcesBuildPhase section */

/* Begin PBXSourcesBuildPhase section */
		B98D60532C134B3A00E26135 /* Sources */ = {
			isa = PBXSourcesBuildPhase;
			buildActionMask = 2147483647;
			files = (
				B98D605D2C134B3A00E26135 /* ContentView.swift in Sources */,
				B98D605B2C134B3A00E26135 /* MyReceiptApp.swift in Sources */,
			);
			runOnlyForDeploymentPostprocessing = 0;
		};
		B98D60632C134B3D00E26135 /* Sources */ = {
			isa = PBXSourcesBuildPhase;
			buildActionMask = 2147483647;
			files = (
				B98D606C2C134B3D00E26135 /* MyReceiptTests.swift in Sources */,
			);
			runOnlyForDeploymentPostprocessing = 0;
		};
		B98D606D2C134B3D00E26135 /* Sources */ = {
			isa = PBXSourcesBuildPhase;
			buildActionMask = 2147483647;
			files = (
				B98D60762C134B3D00E26135 /* MyReceiptUITests.swift in Sources */,
				B98D60782C134B3D00E26135 /* MyReceiptUITestsLaunchTests.swift in Sources */,
			);
			runOnlyForDeploymentPostprocessing = 0;
		};
/* End PBXSourcesBuildPhase section */

/* Begin PBXTargetDependency section */
		B98D60692C134B3D00E26135 /* PBXTargetDependency */ = {
			isa = PBXTargetDependency;
			target = B98D60562C134B3A00E26135 /* MyReceipt */;
			targetProxy = B98D60682C134B3D00E26135 /* PBXContainerItemProxy */;
		};
		B98D60732C134B3D00E26135 /* PBXTargetDependency */ = {
			isa = PBXTargetDependency;
			target = B98D60562C134B3A00E26135 /* MyReceipt */;
			targetProxy = B98D60722C134B3D00E26135 /* PBXContainerItemProxy */;
		};
/* End PBXTargetDependency section */

/* Begin XCBuildConfiguration section */
		B98D60792C134B3D00E26135 /* Debug */ = {
			isa = XCBuildConfiguration;
			buildSettings = {
				ALWAYS_SEARCH_USER_PATHS = NO;
				ASSETCATALOG_COMPILER_GENERATE_SWIFT_ASSET_SYMBOL_EXTENSIONS = YES;
				CLANG_ANALYZER_NONNULL = YES;
				CLANG_ANALYZER_NUMBER_OBJECT_CONVERSION = YES_AGGRESSIVE;
				CLANG_CXX_LANGUAGE_STANDARD = "gnu++20";
				CLANG_ENABLE_MODULES = YES;
				CLANG_ENABLE_OBJC_ARC = YES;
				CLANG_ENABLE_OBJC_WEAK = YES;
				CLANG_WARN_BLOCK_CAPTURE_AUTORELEASING = YES;
				CLANG_WARN_BOOL_CONVERSION = YES;
				CLANG_WARN_COMMA = YES;
				CLANG_WARN_CONSTANT_CONVERSION = YES;
				CLANG_WARN_DEPRECATED_OBJC_IMPLEMENTATIONS = YES;
				CLANG_WARN_DIRECT_OBJC_ISA_USAGE = YES_ERROR;
				CLANG_WARN_DOCUMENTATION_COMMENTS = YES;
				CLANG_WARN_EMPTY_BODY = YES;
				CLANG_WARN_ENUM_CONVERSION = YES;
				CLANG_WARN_INFINITE_RECURSION = YES;
				CLANG_WARN_INT_CONVERSION = YES;
				CLANG_WARN_NON_LITERAL_NULL_CONVERSION = YES;
				CLANG_WARN_OBJC_IMPLICIT_RETAIN_SELF = YES;
				CLANG_WARN_OBJC_LITERAL_CONVERSION = YES;
				CLANG_WARN_OBJC_ROOT_CLASS = YES_ERROR;
				CLANG_WARN_QUOTED_INCLUDE_IN_FRAMEWORK_HEADER = YES;
				CLANG_WARN_RANGE_LOOP_ANALYSIS = YES;
				CLANG_WARN_STRICT_PROTOTYPES = YES;
				CLANG_WARN_SUSPICIOUS_MOVE = YES;
				CLANG_WARN_UNGUARDED_AVAILABILITY = YES_AGGRESSIVE;
				CLANG_WARN_UNREACHABLE_CODE = YES;
				CLANG_WARN__DUPLICATE_METHOD_MATCH = YES;
				COPY_PHASE_STRIP = NO;
				DEBUG_INFORMATION_FORMAT = dwarf;
				ENABLE_STRICT_OBJC_MSGSEND = YES;
				ENABLE_TESTABILITY = YES;
				ENABLE_USER_SCRIPT_SANDBOXING = YES;
				GCC_C_LANGUAGE_STANDARD = gnu17;
				GCC_DYNAMIC_NO_PIC = NO;
				GCC_NO_COMMON_BLOCKS = YES;
				GCC_OPTIMIZATION_LEVEL = 0;
				GCC_PREPROCESSOR_DEFINITIONS = (
					"DEBUG=1",
					"$(inherited)",
				);
				GCC_WARN_64_TO_32_BIT_CONVERSION = YES;
				GCC_WARN_ABOUT_RETURN_TYPE = YES_ERROR;
				GCC_WARN_UNDECLARED_SELECTOR = YES;
				GCC_WARN_UNINITIALIZED_AUTOS = YES_AGGRESSIVE;
				GCC_WARN_UNUSED_FUNCTION = YES;
				GCC_WARN_UNUSED_VARIABLE = YES;
				IPHONEOS_DEPLOYMENT_TARGET = 17.5;
				LOCALIZATION_PREFERS_STRING_CATALOGS = YES;
				MTL_ENABLE_DEBUG_INFO = INCLUDE_SOURCE;
				MTL_FAST_MATH = YES;
				ONLY_ACTIVE_ARCH = YES;
				SDKROOT = iphoneos;
				SWIFT_ACTIVE_COMPILATION_CONDITIONS = "DEBUG $(inherited)";
				SWIFT_OPTIMIZATION_LEVEL = "-Onone";
			};
			name = Debug;
		};
		B98D607A2C134B3D00E26135 /* Release */ = {
			isa = XCBuildConfiguration;
			buildSettings = {
				ALWAYS_SEARCH_USER_PATHS = NO;
				ASSETCATALOG_COMPILER_GENERATE_SWIFT_ASSET_SYMBOL_EXTENSIONS = YES;
				CLANG_ANALYZER_NONNULL = YES;
				CLANG_ANALYZER_NUMBER_OBJECT_CONVERSION = YES_AGGRESSIVE;
				CLANG_CXX_LANGUAGE_STANDARD = "gnu++20";
				CLANG_ENABLE_MODULES = YES;
				CLANG_ENABLE_OBJC_ARC = YES;
				CLANG_ENABLE_OBJC_WEAK = YES;
				CLANG_WARN_BLOCK_CAPTURE_AUTORELEASING = YES;
				CLANG_WARN_BOOL_CONVERSION = YES;
				CLANG_WARN_COMMA = YES;
				CLANG_WARN_CONSTANT_CONVERSION = YES;
				CLANG_WARN_DEPRECATED_OBJC_IMPLEMENTATIONS = YES;
				CLANG_WARN_DIRECT_OBJC_ISA_USAGE = YES_ERROR;
				CLANG_WARN_DOCUMENTATION_COMMENTS = YES;
				CLANG_WARN_EMPTY_BODY = YES;
				CLANG_WARN_ENUM_CONVERSION = YES;
				CLANG_WARN_INFINITE_RECURSION = YES;
				CLANG_WARN_INT_CONVERSION = YES;
				CLANG_WARN_NON_LITERAL_NULL_CONVERSION = YES;
				CLANG_WARN_OBJC_IMPLICIT_RETAIN_SELF = YES;
				CLANG_WARN_OBJC_LITERAL_CONVERSION = YES;
				CLANG_WARN_OBJC_ROOT_CLASS = YES_ERROR;
				CLANG_WARN_QUOTED_INCLUDE_IN_FRAMEWORK_HEADER = YES;
				CLANG_WARN_RANGE_LOOP_ANALYSIS = YES;
				CLANG_WARN_STRICT_PROTOTYPES = YES;
				CLANG_WARN_SUSPICIOUS_MOVE = YES;
				CLANG_WARN_UNGUARDED_AVAILABILITY = YES_AGGRESSIVE;
				CLANG_WARN_UNREACHABLE_CODE = YES;
				CLANG_WARN__DUPLICATE_METHOD_MATCH = YES;
				COPY_PHASE_STRIP = NO;
				DEBUG_INFORMATION_FORMAT = "dwarf-with-dsym";
				ENABLE_NS_ASSERTIONS = NO;
				ENABLE_STRICT_OBJC_MSGSEND = YES;
				ENABLE_USER_SCRIPT_SANDBOXING = YES;
				GCC_C_LANGUAGE_STANDARD = gnu17;
				GCC_NO_COMMON_BLOCKS = YES;
				GCC_WARN_64_TO_32_BIT_CONVERSION = YES;
				GCC_WARN_ABOUT_RETURN_TYPE = YES_ERROR;
				GCC_WARN_UNDECLARED_SELECTOR = YES;
				GCC_WARN_UNINITIALIZED_AUTOS = YES_AGGRESSIVE;
				GCC_WARN_UNUSED_FUNCTION = YES;
				GCC_WARN_UNUSED_VARIABLE = YES;
				IPHONEOS_DEPLOYMENT_TARGET = 17.5;
				LOCALIZATION_PREFERS_STRING_CATALOGS = YES;
				MTL_ENABLE_DEBUG_INFO = NO;
				MTL_FAST_MATH = YES;
				SDKROOT = iphoneos;
				SWIFT_COMPILATION_MODE = wholemodule;
				VALIDATE_PRODUCT = YES;
			};
			name = Release;
		};
		B98D607C2C134B3D00E26135 /* Debug */ = {
			isa = XCBuildConfiguration;
			buildSettings = {
				ASSETCATALOG_COMPILER_APPICON_NAME = AppIcon;
				ASSETCATALOG_COMPILER_GLOBAL_ACCENT_COLOR_NAME = AccentColor;
				CODE_SIGN_STYLE = Automatic;
				CURRENT_PROJECT_VERSION = 1;
				DEVELOPMENT_ASSET_PATHS = "\"MyReceipt/Preview Content\"";
				DEVELOPMENT_TEAM = RF4Y326UMR;
				ENABLE_PREVIEWS = YES;
				GENERATE_INFOPLIST_FILE = YES;
				INFOPLIST_KEY_UIApplicationSceneManifest_Generation = YES;
				INFOPLIST_KEY_UIApplicationSupportsIndirectInputEvents = YES;
				INFOPLIST_KEY_UILaunchScreen_Generation = YES;
				INFOPLIST_KEY_UISupportedInterfaceOrientations_iPad = "UIInterfaceOrientationPortrait UIInterfaceOrientationPortraitUpsideDown UIInterfaceOrientationLandscapeLeft UIInterfaceOrientationLandscapeRight";
				INFOPLIST_KEY_UISupportedInterfaceOrientations_iPhone = "UIInterfaceOrientationPortrait UIInterfaceOrientationLandscapeLeft UIInterfaceOrientationLandscapeRight";
				LD_RUNPATH_SEARCH_PATHS = (
					"$(inherited)",
					"@executable_path/Frameworks",
				);
				MARKETING_VERSION = 1.0;
				PRODUCT_BUNDLE_IDENTIFIER = test.com.MyReceipt;
				PRODUCT_NAME = "$(TARGET_NAME)";
				SWIFT_EMIT_LOC_STRINGS = YES;
				SWIFT_VERSION = 5.0;
				TARGETED_DEVICE_FAMILY = "1,2";
			};
			name = Debug;
		};
		B98D607D2C134B3D00E26135 /* Release */ = {
			isa = XCBuildConfiguration;
			buildSettings = {
				ASSETCATALOG_COMPILER_APPICON_NAME = AppIcon;
				ASSETCATALOG_COMPILER_GLOBAL_ACCENT_COLOR_NAME = AccentColor;
				CODE_SIGN_STYLE = Automatic;
				CURRENT_PROJECT_VERSION = 1;
				DEVELOPMENT_ASSET_PATHS = "\"MyReceipt/Preview Content\"";
				DEVELOPMENT_TEAM = RF4Y326UMR;
				ENABLE_PREVIEWS = YES;
				GENERATE_INFOPLIST_FILE = YES;
				INFOPLIST_KEY_UIApplicationSceneManifest_Generation = YES;
				INFOPLIST_KEY_UIApplicationSupportsIndirectInputEvents = YES;
				INFOPLIST_KEY_UILaunchScreen_Generation = YES;
				INFOPLIST_KEY_UISupportedInterfaceOrientations_iPad = "UIInterfaceOrientationPortrait UIInterfaceOrientationPortraitUpsideDown UIInterfaceOrientationLandscapeLeft UIInterfaceOrientationLandscapeRight";
				INFOPLIST_KEY_UISupportedInterfaceOrientations_iPhone = "UIInterfaceOrientationPortrait UIInterfaceOrientationLandscapeLeft UIInterfaceOrientationLandscapeRight";
				LD_RUNPATH_SEARCH_PATHS = (
					"$(inherited)",
					"@executable_path/Frameworks",
				);
				MARKETING_VERSION = 1.0;
				PRODUCT_BUNDLE_IDENTIFIER = test.com.MyReceipt;
				PRODUCT_NAME = "$(TARGET_NAME)";
				SWIFT_EMIT_LOC_STRINGS = YES;
				SWIFT_VERSION = 5.0;
				TARGETED_DEVICE_FAMILY = "1,2";
			};
			name = Release;
		};
		B98D607F2C134B3D00E26135 /* Debug */ = {
			isa = XCBuildConfiguration;
			buildSettings = {
				ALWAYS_EMBED_SWIFT_STANDARD_LIBRARIES = YES;
				BUNDLE_LOADER = "$(TEST_HOST)";
				CODE_SIGN_STYLE = Automatic;
				CURRENT_PROJECT_VERSION = 1;
				DEVELOPMENT_TEAM = RF4Y326UMR;
				GENERATE_INFOPLIST_FILE = YES;
				IPHONEOS_DEPLOYMENT_TARGET = 17.5;
				MARKETING_VERSION = 1.0;
				PRODUCT_BUNDLE_IDENTIFIER = test.com.MyReceiptTests;
				PRODUCT_NAME = "$(TARGET_NAME)";
				SWIFT_EMIT_LOC_STRINGS = NO;
				SWIFT_VERSION = 5.0;
				TARGETED_DEVICE_FAMILY = "1,2";
				TEST_HOST = "$(BUILT_PRODUCTS_DIR)/MyReceipt.app/$(BUNDLE_EXECUTABLE_FOLDER_PATH)/MyReceipt";
			};
			name = Debug;
		};
		B98D60802C134B3D00E26135 /* Release */ = {
			isa = XCBuildConfiguration;
			buildSettings = {
				ALWAYS_EMBED_SWIFT_STANDARD_LIBRARIES = YES;
				BUNDLE_LOADER = "$(TEST_HOST)";
				CODE_SIGN_STYLE = Automatic;
				CURRENT_PROJECT_VERSION = 1;
				DEVELOPMENT_TEAM = RF4Y326UMR;
				GENERATE_INFOPLIST_FILE = YES;
				IPHONEOS_DEPLOYMENT_TARGET = 17.5;
				MARKETING_VERSION = 1.0;
				PRODUCT_BUNDLE_IDENTIFIER = test.com.MyReceiptTests;
				PRODUCT_NAME = "$(TARGET_NAME)";
				SWIFT_EMIT_LOC_STRINGS = NO;
				SWIFT_VERSION = 5.0;
				TARGETED_DEVICE_FAMILY = "1,2";
				TEST_HOST = "$(BUILT_PRODUCTS_DIR)/MyReceipt.app/$(BUNDLE_EXECUTABLE_FOLDER_PATH)/MyReceipt";
			};
			name = Release;
		};
		B98D60822C134B3D00E26135 /* Debug */ = {
			isa = XCBuildConfiguration;
			buildSettings = {
				ALWAYS_EMBED_SWIFT_STANDARD_LIBRARIES = YES;
				CODE_SIGN_STYLE = Automatic;
				CURRENT_PROJECT_VERSION = 1;
				DEVELOPMENT_TEAM = RF4Y326UMR;
				GENERATE_INFOPLIST_FILE = YES;
				MARKETING_VERSION = 1.0;
				PRODUCT_BUNDLE_IDENTIFIER = test.com.MyReceiptUITests;
				PRODUCT_NAME = "$(TARGET_NAME)";
				SWIFT_EMIT_LOC_STRINGS = NO;
				SWIFT_VERSION = 5.0;
				TARGETED_DEVICE_FAMILY = "1,2";
				TEST_TARGET_NAME = MyReceipt;
			};
			name = Debug;
		};
		B98D60832C134B3D00E26135 /* Release */ = {
			isa = XCBuildConfiguration;
			buildSettings = {
				ALWAYS_EMBED_SWIFT_STANDARD_LIBRARIES = YES;
				CODE_SIGN_STYLE = Automatic;
				CURRENT_PROJECT_VERSION = 1;
				DEVELOPMENT_TEAM = RF4Y326UMR;
				GENERATE_INFOPLIST_FILE = YES;
				MARKETING_VERSION = 1.0;
				PRODUCT_BUNDLE_IDENTIFIER = test.com.MyReceiptUITests;
				PRODUCT_NAME = "$(TARGET_NAME)";
				SWIFT_EMIT_LOC_STRINGS = NO;
				SWIFT_VERSION = 5.0;
				TARGETED_DEVICE_FAMILY = "1,2";
				TEST_TARGET_NAME = MyReceipt;
			};
			name = Release;
		};
/* End XCBuildConfiguration section */

/* Begin XCConfigurationList section */
		B98D60522C134B3A00E26135 /* Build configuration list for PBXProject "MyReceipt" */ = {
			isa = XCConfigurationList;
			buildConfigurations = (
				B98D60792C134B3D00E26135 /* Debug */,
				B98D607A2C134B3D00E26135 /* Release */,
			);
			defaultConfigurationIsVisible = 0;
			defaultConfigurationName = Release;
		};
		B98D607B2C134B3D00E26135 /* Build configuration list for PBXNativeTarget "MyReceipt" */ = {
			isa = XCConfigurationList;
			buildConfigurations = (
				B98D607C2C134B3D00E26135 /* Debug */,
				B98D607D2C134B3D00E26135 /* Release */,
			);
			defaultConfigurationIsVisible = 0;
			defaultConfigurationName = Release;
		};
		B98D607E2C134B3D00E26135 /* Build configuration list for PBXNativeTarget "MyReceiptTests" */ = {
			isa = XCConfigurationList;
			buildConfigurations = (
				B98D607F2C134B3D00E26135 /* Debug */,
				B98D60802C134B3D00E26135 /* Release */,
			);
			defaultConfigurationIsVisible = 0;
			defaultConfigurationName = Release;
		};
		B98D60812C134B3D00E26135 /* Build configuration list for PBXNativeTarget "MyReceiptUITests" */ = {
			isa = XCConfigurationList;
			buildConfigurations = (
				B98D60822C134B3D00E26135 /* Debug */,
				B98D60832C134B3D00E26135 /* Release */,
			);
			defaultConfigurationIsVisible = 0;
			defaultConfigurationName = Release;
		};
/* End XCConfigurationList section */
	};
	rootObject = B98D604F2C134B3A00E26135 /* Project object */;
}
